PODS:
  - Alamofire (5.4.1)
  - NextLevel (0.16.4)

DEPENDENCIES:
  - Alamofire
  - NextLevel

SPEC REPOS:
  trunk:
    - Alamofire
    - NextLevel

SPEC CHECKSUMS:
  Alamofire: 2291f7d21ca607c491dd17642e5d40fdcda0e65c
  NextLevel: f84ecba5c546a87e245809e0523ef3a24897323b

PODFILE CHECKSUM: 16eb1f17596529f8da002e9a9ccc86525bfc97e3

COCOAPODS: 1.10.1
