// !$*UTF8*$!
{
	archiveVersion = 1;
	classes = {
	};
	objectVersion = 50;
	objects = {

/* Begin PBXBuildFile section */
		FF7CE496259B8CFE000A8741 /* AppDelegate.swift in Sources */ = {isa = PBXBuildFile; fileRef = FF7CE495259B8CFE000A8741 /* AppDelegate.swift */; };
		FF7CE498259B8CFE000A8741 /* SceneDelegate.swift in Sources */ = {isa = PBXBuildFile; fileRef = FF7CE497259B8CFE000A8741 /* SceneDelegate.swift */; };
		FF7CE49A259B8CFE000A8741 /* ViewController.swift in Sources */ = {isa = PBXBuildFile; fileRef = FF7CE499259B8CFE000A8741 /* ViewController.swift */; };
		FF7CE49F259B8CFF000A8741 /* Assets.xcassets in Resources */ = {isa = PBXBuildFile; fileRef = FF7CE49E259B8CFF000A8741 /* Assets.xcassets */; };
		FF7CE4A2259B8CFF000A8741 /* LaunchScreen.storyboard in Resources */ = {isa = PBXBuildFile; fileRef = FF7CE4A0259B8CFF000A8741 /* LaunchScreen.storyboard */; };
		FFCD860A259B9CB700A3531A /* Main.storyboard in Resources */ = {isa = PBXBuildFile; fileRef = FFCD8608259B9CB700A3531A /* Main.storyboard */; };
		FFCD8611259BAB2B00A3531A /* ProfileController.swift in Sources */ = {isa = PBXBuildFile; fileRef = FFCD8610259BAB2B00A3531A /* ProfileController.swift */; };
/* End PBXBuildFile section */

/* Begin PBXFileReference section */
		FF7CE492259B8CFE000A8741 /* 1-Start.app */ = {isa = PBXFileReference; explicitFileType = wrapper.application; includeInIndex = 0; path = "1-Start.app"; sourceTree = BUILT_PRODUCTS_DIR; };
		FF7CE495259B8CFE000A8741 /* AppDelegate.swift */ = {isa = PBXFileReference; lastKnownFileType = sourcecode.swift; path = AppDelegate.swift; sourceTree = "<group>"; };
		FF7CE497259B8CFE000A8741 /* SceneDelegate.swift */ = {isa = PBXFileReference; lastKnownFileType = sourcecode.swift; path = SceneDelegate.swift; sourceTree = "<group>"; };
		FF7CE499259B8CFE000A8741 /* ViewController.swift */ = {isa = PBXFileReference; lastKnownFileType = sourcecode.swift; path = ViewController.swift; sourceTree = "<group>"; };
		FF7CE49E259B8CFF000A8741 /* Assets.xcassets */ = {isa = PBXFileReference; lastKnownFileType = folder.assetcatalog; path = Assets.xcassets; sourceTree = "<group>"; };
		FF7CE4A1259B8CFF000A8741 /* Base */ = {isa = PBXFileReference; lastKnownFileType = file.storyboard; name = Base; path = Base.lproj/LaunchScreen.storyboard; sourceTree = "<group>"; };
		FF7CE4A3259B8CFF000A8741 /* Info.plist */ = {isa = PBXFileReference; lastKnownFileType = text.plist.xml; path = Info.plist; sourceTree = "<group>"; };
		FFCD8609259B9CB700A3531A /* Base */ = {isa = PBXFileReference; lastKnownFileType = file.storyboard; name = Base; path = Base.lproj/Main.storyboard; sourceTree = "<group>"; };
		FFCD8610259BAB2B00A3531A /* ProfileController.swift */ = {isa = PBXFileReference; lastKnownFileType = sourcecode.swift; path = ProfileController.swift; sourceTree = "<group>"; };
/* End PBXFileReference section */

/* Begin PBXFrameworksBuildPhase section */
		FF7CE48F259B8CFE000A8741 /* Frameworks */ = {
			isa = PBXFrameworksBuildPhase;
			buildActionMask = 2147483647;
			files = (
			);
			runOnlyForDeploymentPostprocessing = 0;
		};
/* End PBXFrameworksBuildPhase section */

/* Begin PBXGroup section */
		FF7CE489259B8CFE000A8741 = {
			isa = PBXGroup;
			children = (
				FF7CE494259B8CFE000A8741 /* 1-Start */,
				FF7CE493259B8CFE000A8741 /* Products */,
			);
			sourceTree = "<group>";
		};
		FF7CE493259B8CFE000A8741 /* Products */ = {
			isa = PBXGroup;
			children = (
				FF7CE492259B8CFE000A8741 /* 1-Start.app */,
			);
			name = Products;
			sourceTree = "<group>";
		};
		FF7CE494259B8CFE000A8741 /* 1-Start */ = {
			isa = PBXGroup;
			children = (
				FF7CE495259B8CFE000A8741 /* AppDelegate.swift */,
				FF7CE497259B8CFE000A8741 /* SceneDelegate.swift */,
				FF7CE499259B8CFE000A8741 /* ViewController.swift */,
				FFCD8608259B9CB700A3531A /* Main.storyboard */,
				FFCD8610259BAB2B00A3531A /* ProfileController.swift */,
				FF7CE49E259B8CFF000A8741 /* Assets.xcassets */,
				FF7CE4A0259B8CFF000A8741 /* LaunchScreen.storyboard */,
				FF7CE4A3259B8CFF000A8741 /* Info.plist */,
			);
			path = "1-Start";
			sourceTree = "<group>";
		};
/* End PBXGroup section */

/* Begin PBXNativeTarget section */
		FF7CE491259B8CFE000A8741 /* 1-Start */ = {
			isa = PBXNativeTarget;
			buildConfigurationList = FF7CE4A6259B8CFF000A8741 /* Build configuration list for PBXNativeTarget "1-Start" */;
			buildPhases = (
				FF7CE48E259B8CFE000A8741 /* Sources */,
				FF7CE48F259B8CFE000A8741 /* Frameworks */,
				FF7CE490259B8CFE000A8741 /* Resources */,
			);
			buildRules = (
			);
			dependencies = (
			);
			name = "1-Start";
			productName = "1-Start";
			productReference = FF7CE492259B8CFE000A8741 /* 1-Start.app */;
			productType = "com.apple.product-type.application";
		};
/* End PBXNativeTarget section */

/* Begin PBXProject section */
		FF7CE48A259B8CFE000A8741 /* Project object */ = {
			isa = PBXProject;
			attributes = {
				LastSwiftUpdateCheck = 1230;
				LastUpgradeCheck = 1230;
				TargetAttributes = {
					FF7CE491259B8CFE000A8741 = {
						CreatedOnToolsVersion = 12.3;
					};
				};
			};
			buildConfigurationList = FF7CE48D259B8CFE000A8741 /* Build configuration list for PBXProject "1-Start" */;
			compatibilityVersion = "Xcode 9.3";
			developmentRegion = en;
			hasScannedForEncodings = 0;
			knownRegions = (
				en,
				Base,
			);
			mainGroup = FF7CE489259B8CFE000A8741;
			productRefGroup = FF7CE493259B8CFE000A8741 /* Products */;
			projectDirPath = "";
			projectRoot = "";
			targets = (
				FF7CE491259B8CFE000A8741 /* 1-Start */,
			);
		};
/* End PBXProject section */

/* Begin PBXResourcesBuildPhase section */
		FF7CE490259B8CFE000A8741 /* Resources */ = {
			isa = PBXResourcesBuildPhase;
			buildActionMask = 2147483647;
			files = (
				FFCD860A259B9CB700A3531A /* Main.storyboard in Resources */,
				FF7CE4A2259B8CFF000A8741 /* LaunchScreen.storyboard in Resources */,
				FF7CE49F259B8CFF000A8741 /* Assets.xcassets in Resources */,
			);
			runOnlyForDeploymentPostprocessing = 0;
		};
/* End PBXResourcesBuildPhase section */

/* Begin PBXSourcesBuildPhase section */
		FF7CE48E259B8CFE000A8741 /* Sources */ = {
			isa = PBXSourcesBuildPhase;
			buildActionMask = 2147483647;
			files = (
				FF7CE49A259B8CFE000A8741 /* ViewController.swift in Sources */,
				FF7CE496259B8CFE000A8741 /* AppDelegate.swift in Sources */,
				FF7CE498259B8CFE000A8741 /* SceneDelegate.swift in Sources */,
				FFCD8611259BAB2B00A3531A /* ProfileController.swift in Sources */,
			);
			runOnlyForDeploymentPostprocessing = 0;
		};
/* End PBXSourcesBuildPhase section */

/* Begin PBXVariantGroup section */
		FF7CE4A0259B8CFF000A8741 /* LaunchScreen.storyboard */ = {
			isa = PBXVariantGroup;
			children = (
				FF7CE4A1259B8CFF000A8741 /* Base */,
			);
			name = LaunchScreen.storyboard;
			sourceTree = "<group>";
		};
		FFCD8608259B9CB700A3531A /* Main.storyboard */ = {
			isa = PBXVariantGroup;
			children = (
				FFCD8609259B9CB700A3531A /* Base */,
			);
			name = Main.storyboard;
			sourceTree = "<group>";
		};
/* End PBXVariantGroup section */

/* Begin XCBuildConfiguration section */
		FF7CE4A4259B8CFF000A8741 /* Debug */ = {
			isa = XCBuildConfiguration;
			buildSettings = {
				ALWAYS_SEARCH_USER_PATHS = NO;
				CLANG_ANALYZER_NONNULL = YES;
				CLANG_ANALYZER_NUMBER_OBJECT_CONVERSION = YES_AGGRESSIVE;
				CLANG_CXX_LANGUAGE_STANDARD = "gnu++14";
				CLANG_CXX_LIBRARY = "libc++";
				CLANG_ENABLE_MODULES = YES;
				CLANG_ENABLE_OBJC_ARC = YES;
				CLANG_ENABLE_OBJC_WEAK = YES;
				CLANG_WARN_BLOCK_CAPTURE_AUTORELEASING = YES;
				CLANG_WARN_BOOL_CONVERSION = YES;
				CLANG_WARN_COMMA = YES;
				CLANG_WARN_CONSTANT_CONVERSION = YES;
				CLANG_WARN_DEPRECATED_OBJC_IMPLEMENTATIONS = YES;
				CLANG_WARN_DIRECT_OBJC_ISA_USAGE = YES_ERROR;
				CLANG_WARN_DOCUMENTATION_COMMENTS = YES;
				CLANG_WARN_EMPTY_BODY = YES;
				CLANG_WARN_ENUM_CONVERSION = YES;
				CLANG_WARN_INFINITE_RECURSION = YES;
				CLANG_WARN_INT_CONVERSION = YES;
				CLANG_WARN_NON_LITERAL_NULL_CONVERSION = YES;
				CLANG_WARN_OBJC_IMPLICIT_RETAIN_SELF = YES;
				CLANG_WARN_OBJC_LITERAL_CONVERSION = YES;
				CLANG_WARN_OBJC_ROOT_CLASS = YES_ERROR;
				CLANG_WARN_QUOTED_INCLUDE_IN_FRAMEWORK_HEADER = YES;
				CLANG_WARN_RANGE_LOOP_ANALYSIS = YES;
				CLANG_WARN_STRICT_PROTOTYPES = YES;
				CLANG_WARN_SUSPICIOUS_MOVE = YES;
				CLANG_WARN_UNGUARDED_AVAILABILITY = YES_AGGRESSIVE;
				CLANG_WARN_UNREACHABLE_CODE = YES;
				CLANG_WARN__DUPLICATE_METHOD_MATCH = YES;
				COPY_PHASE_STRIP = NO;
				DEBUG_INFORMATION_FORMAT = dwarf;
				ENABLE_STRICT_OBJC_MSGSEND = YES;
				ENABLE_TESTABILITY = YES;
				GCC_C_LANGUAGE_STANDARD = gnu11;
				GCC_DYNAMIC_NO_PIC = NO;
				GCC_NO_COMMON_BLOCKS = YES;
				GCC_OPTIMIZATION_LEVEL = 0;
				GCC_PREPROCESSOR_DEFINITIONS = (
					"DEBUG=1",
					"$(inherited)",
				);
				GCC_WARN_64_TO_32_BIT_CONVERSION = YES;
				GCC_WARN_ABOUT_RETURN_TYPE = YES_ERROR;
				GCC_WARN_UNDECLARED_SELECTOR = YES;
				GCC_WARN_UNINITIALIZED_AUTOS = YES_AGGRESSIVE;
				GCC_WARN_UNUSED_FUNCTION = YES;
				GCC_WARN_UNUSED_VARIABLE = YES;
				IPHONEOS_DEPLOYMENT_TARGET = 14.3;
				MTL_ENABLE_DEBUG_INFO = INCLUDE_SOURCE;
				MTL_FAST_MATH = YES;
				ONLY_ACTIVE_ARCH = YES;
				SDKROOT = iphoneos;
				SWIFT_ACTIVE_COMPILATION_CONDITIONS = DEBUG;
				SWIFT_OPTIMIZATION_LEVEL = "-Onone";
			};
			name = Debug;
		};
		FF7CE4A5259B8CFF000A8741 /* Release */ = {
			isa = XCBuildConfiguration;
			buildSettings = {
				ALWAYS_SEARCH_USER_PATHS = NO;
				CLANG_ANALYZER_NONNULL = YES;
				CLANG_ANALYZER_NUMBER_OBJECT_CONVERSION = YES_AGGRESSIVE;
				CLANG_CXX_LANGUAGE_STANDARD = "gnu++14";
				CLANG_CXX_LIBRARY = "libc++";
				CLANG_ENABLE_MODULES = YES;
				CLANG_ENABLE_OBJC_ARC = YES;
				CLANG_ENABLE_OBJC_WEAK = YES;
				CLANG_WARN_BLOCK_CAPTURE_AUTORELEASING = YES;
				CLANG_WARN_BOOL_CONVERSION = YES;
				CLANG_WARN_COMMA = YES;
				CLANG_WARN_CONSTANT_CONVERSION = YES;
				CLANG_WARN_DEPRECATED_OBJC_IMPLEMENTATIONS = YES;
				CLANG_WARN_DIRECT_OBJC_ISA_USAGE = YES_ERROR;
				CLANG_WARN_DOCUMENTATION_COMMENTS = YES;
				CLANG_WARN_EMPTY_BODY = YES;
				CLANG_WARN_ENUM_CONVERSION = YES;
				CLANG_WARN_INFINITE_RECURSION = YES;
				CLANG_WARN_INT_CONVERSION = YES;
				CLANG_WARN_NON_LITERAL_NULL_CONVERSION = YES;
				CLANG_WARN_OBJC_IMPLICIT_RETAIN_SELF = YES;
				CLANG_WARN_OBJC_LITERAL_CONVERSION = YES;
				CLANG_WARN_OBJC_ROOT_CLASS = YES_ERROR;
				CLANG_WARN_QUOTED_INCLUDE_IN_FRAMEWORK_HEADER = YES;
				CLANG_WARN_RANGE_LOOP_ANALYSIS = YES;
				CLANG_WARN_STRICT_PROTOTYPES = YES;
				CLANG_WARN_SUSPICIOUS_MOVE = YES;
				CLANG_WARN_UNGUARDED_AVAILABILITY = YES_AGGRESSIVE;
				CLANG_WARN_UNREACHABLE_CODE = YES;
				CLANG_WARN__DUPLICATE_METHOD_MATCH = YES;
				COPY_PHASE_STRIP = NO;
				DEBUG_INFORMATION_FORMAT = "dwarf-with-dsym";
				ENABLE_NS_ASSERTIONS = NO;
				ENABLE_STRICT_OBJC_MSGSEND = YES;
				GCC_C_LANGUAGE_STANDARD = gnu11;
				GCC_NO_COMMON_BLOCKS = YES;
				GCC_WARN_64_TO_32_BIT_CONVERSION = YES;
				GCC_WARN_ABOUT_RETURN_TYPE = YES_ERROR;
				GCC_WARN_UNDECLARED_SELECTOR = YES;
				GCC_WARN_UNINITIALIZED_AUTOS = YES_AGGRESSIVE;
				GCC_WARN_UNUSED_FUNCTION = YES;
				GCC_WARN_UNUSED_VARIABLE = YES;
				IPHONEOS_DEPLOYMENT_TARGET = 14.3;
				MTL_ENABLE_DEBUG_INFO = NO;
				MTL_FAST_MATH = YES;
				SDKROOT = iphoneos;
				SWIFT_COMPILATION_MODE = wholemodule;
				SWIFT_OPTIMIZATION_LEVEL = "-O";
				VALIDATE_PRODUCT = YES;
			};
			name = Release;
		};
		FF7CE4A7259B8CFF000A8741 /* Debug */ = {
			isa = XCBuildConfiguration;
			buildSettings = {
				ASSETCATALOG_COMPILER_APPICON_NAME = AppIcon;
				ASSETCATALOG_COMPILER_GLOBAL_ACCENT_COLOR_NAME = AccentColor;
				CODE_SIGN_STYLE = Automatic;
				DEVELOPMENT_TEAM = 8ZY239GG83;
				INFOPLIST_FILE = "1-Start/Info.plist";
				LD_RUNPATH_SEARCH_PATHS = (
					"$(inherited)",
					"@executable_path/Frameworks",
				);
				PRODUCT_BUNDLE_IDENTIFIER = "com.works.--Start";
				PRODUCT_NAME = "$(TARGET_NAME)";
				SWIFT_VERSION = 5.0;
				TARGETED_DEVICE_FAMILY = "1,2";
			};
			name = Debug;
		};
		FF7CE4A8259B8CFF000A8741 /* Release */ = {
			isa = XCBuildConfiguration;
			buildSettings = {
				ASSETCATALOG_COMPILER_APPICON_NAME = AppIcon;
				ASSETCATALOG_COMPILER_GLOBAL_ACCENT_COLOR_NAME = AccentColor;
				CODE_SIGN_STYLE = Automatic;
				DEVELOPMENT_TEAM = 8ZY239GG83;
				INFOPLIST_FILE = "1-Start/Info.plist";
				LD_RUNPATH_SEARCH_PATHS = (
					"$(inherited)",
					"@executable_path/Frameworks",
				);
				PRODUCT_BUNDLE_IDENTIFIER = "com.works.--Start";
				PRODUCT_NAME = "$(TARGET_NAME)";
				SWIFT_VERSION = 5.0;
				TARGETED_DEVICE_FAMILY = "1,2";
			};
			name = Release;
		};
/* End XCBuildConfiguration section */

/* Begin XCConfigurationList section */
		FF7CE48D259B8CFE000A8741 /* Build configuration list for PBXProject "1-Start" */ = {
			isa = XCConfigurationList;
			buildConfigurations = (
				FF7CE4A4259B8CFF000A8741 /* Debug */,
				FF7CE4A5259B8CFF000A8741 /* Release */,
			);
			defaultConfigurationIsVisible = 0;
			defaultConfigurationName = Release;
		};
		FF7CE4A6259B8CFF000A8741 /* Build configuration list for PBXNativeTarget "1-Start" */ = {
			isa = XCConfigurationList;
			buildConfigurations = (
				FF7CE4A7259B8CFF000A8741 /* Debug */,
				FF7CE4A8259B8CFF000A8741 /* Release */,
			);
			defaultConfigurationIsVisible = 0;
			defaultConfigurationName = Release;
		};
/* End XCConfigurationList section */
	};
	rootObject = FF7CE48A259B8CFE000A8741 /* Project object */;
}
